
Microsoft Visual Studio Solution File, Format Version 12.00
# Visual Studio Version 16
VisualStudioVersion = 16.0.30114.105
MinimumVisualStudioVersion = 10.0.40219.1
Project("{FAE04EC0-301F-11D3-BF4B-00C04F79EFBC}") = "BalanceReconciliation.Service", "BalanceReconciliation.Service\BalanceReconciliation.Service.csproj", "{DFC402D5-4FD3-4E23-A3D2-43360832A625}"
EndProject
Project("{FAE04EC0-301F-11D3-BF4B-00C04F79EFBC}") = "BalanceReconciliation.Test", "BalanceReconciliation.Test\BalanceReconciliation.Test.csproj", "{7E1744B2-F5F5-48F9-91FA-6473B6CA9ECD}"
EndProject
Global
	GlobalSection(SolutionConfigurationPlatforms) = preSolution
		Debug|Any CPU = Debug|Any CPU
		Debug|x64 = Debug|x64
		Debug|x86 = Debug|x86
		Release|Any CPU = Release|Any CPU
		Release|x64 = Release|x64
		Release|x86 = Release|x86
	EndGlobalSection
	GlobalSection(SolutionProperties) = preSolution
		HideSolutionNode = FALSE
	EndGlobalSection
	GlobalSection(ProjectConfigurationPlatforms) = postSolution
		{DFC402D5-4FD3-4E23-A3D2-43360832A625}.Debug|Any CPU.ActiveCfg = Debug|Any CPU
		{DFC402D5-4FD3-4E23-A3D2-43360832A625}.Debug|Any CPU.Build.0 = Debug|Any CPU
		{DFC402D5-4FD3-4E23-A3D2-43360832A625}.Debug|x64.ActiveCfg = Debug|Any CPU
		{DFC402D5-4FD3-4E23-A3D2-43360832A625}.Debug|x64.Build.0 = Debug|Any CPU
		{DFC402D5-4FD3-4E23-A3D2-43360832A625}.Debug|x86.ActiveCfg = Debug|Any CPU
		{DFC402D5-4FD3-4E23-A3D2-43360832A625}.Debug|x86.Build.0 = Debug|Any CPU
		{DFC402D5-4FD3-4E23-A3D2-43360832A625}.Release|Any CPU.ActiveCfg = Release|Any CPU
		{DFC402D5-4FD3-4E23-A3D2-43360832A625}.Release|Any CPU.Build.0 = Release|Any CPU
		{DFC402D5-4FD3-4E23-A3D2-43360832A625}.Release|x64.ActiveCfg = Release|Any CPU
		{DFC402D5-4FD3-4E23-A3D2-43360832A625}.Release|x64.Build.0 = Release|Any CPU
		{DFC402D5-4FD3-4E23-A3D2-43360832A625}.Release|x86.ActiveCfg = Release|Any CPU
		{DFC402D5-4FD3-4E23-A3D2-43360832A625}.Release|x86.Build.0 = Release|Any CPU
		{7E1744B2-F5F5-48F9-91FA-6473B6CA9ECD}.Debug|Any CPU.ActiveCfg = Debug|Any CPU
		{7E1744B2-F5F5-48F9-91FA-6473B6CA9ECD}.Debug|Any CPU.Build.0 = Debug|Any CPU
		{7E1744B2-F5F5-48F9-91FA-6473B6CA9ECD}.Debug|x64.ActiveCfg = Debug|Any CPU
		{7E1744B2-F5F5-48F9-91FA-6473B6CA9ECD}.Debug|x64.Build.0 = Debug|Any CPU
		{7E1744B2-F5F5-48F9-91FA-6473B6CA9ECD}.Debug|x86.ActiveCfg = Debug|Any CPU
		{7E1744B2-F5F5-48F9-91FA-6473B6CA9ECD}.Debug|x86.Build.0 = Debug|Any CPU
		{7E1744B2-F5F5-48F9-91FA-6473B6CA9ECD}.Release|Any CPU.ActiveCfg = Release|Any CPU
		{7E1744B2-F5F5-48F9-91FA-6473B6CA9ECD}.Release|Any CPU.Build.0 = Release|Any CPU
		{7E1744B2-F5F5-48F9-91FA-6473B6CA9ECD}.Release|x64.ActiveCfg = Release|Any CPU
		{7E1744B2-F5F5-48F9-91FA-6473B6CA9ECD}.Release|x64.Build.0 = Release|Any CPU
		{7E1744B2-F5F5-48F9-91FA-6473B6CA9ECD}.Release|x86.ActiveCfg = Release|Any CPU
		{7E1744B2-F5F5-48F9-91FA-6473B6CA9ECD}.Release|x86.Build.0 = Release|Any CPU
	EndGlobalSection
EndGlobal
